
Microsoft Visual Studio Solution File, Format Version 12.00
# Visual Studio Version 17
VisualStudioVersion = 17.5.33424.131
MinimumVisualStudioVersion = 10.0.40219.1
Project("{FAE04EC0-301F-11D3-BF4B-00C04F79EFBC}") = "MAnalyser", "MAnalyser.csproj", "{C2B729D3-22CD-4D53-8BDC-EFF3FC9128F8}"
EndProject
Project("{FAE04EC0-301F-11D3-BF4B-00C04F79EFBC}") = "MAnalyserTest", "..\MAnalyserTest\MAnalyserTest.csproj", "{ED9D4EED-3D87-48FB-A636-8789054BFBDF}"
EndProject
Global
	GlobalSection(SolutionConfigurationPlatforms) = preSolution
		Debug|Any CPU = Debug|Any CPU
		Release|Any CPU = Release|Any CPU
	EndGlobalSection
	GlobalSection(ProjectConfigurationPlatforms) = postSolution
		{C2B729D3-22CD-4D53-8BDC-EFF3FC9128F8}.Debug|Any CPU.ActiveCfg = Debug|Any CPU
		{C2B729D3-22CD-4D53-8BDC-EFF3FC9128F8}.Debug|Any CPU.Build.0 = Debug|Any CPU
		{C2B729D3-22CD-4D53-8BDC-EFF3FC9128F8}.Release|Any CPU.ActiveCfg = Release|Any CPU
		{C2B729D3-22CD-4D53-8BDC-EFF3FC9128F8}.Release|Any CPU.Build.0 = Release|Any CPU
		{ED9D4EED-3D87-48FB-A636-8789054BFBDF}.Debug|Any CPU.ActiveCfg = Debug|Any CPU
		{ED9D4EED-3D87-48FB-A636-8789054BFBDF}.Debug|Any CPU.Build.0 = Debug|Any CPU
		{ED9D4EED-3D87-48FB-A636-8789054BFBDF}.Release|Any CPU.ActiveCfg = Release|Any CPU
		{ED9D4EED-3D87-48FB-A636-8789054BFBDF}.Release|Any CPU.Build.0 = Release|Any CPU
	EndGlobalSection
	GlobalSection(SolutionProperties) = preSolution
		HideSolutionNode = FALSE
	EndGlobalSection
	GlobalSection(ExtensibilityGlobals) = postSolution
		SolutionGuid = {A815082B-2BD3-40A3-803F-7F519DDD40CD}
	EndGlobalSection
EndGlobal
